{
   "name": "dataform_grading",
   "lockfileVersion": 2,
   "requires": true,
   "packages": {
      "": {
         "name": "dataform_grading",
         "dependencies": {
            "@dataform/core": "3.0.0",
            "dataform-scd": "https://github.com/dataform-co/dataform-scd/archive/refs/tags/0.5.tar.gz"
         }
      },
      "node_modules/@dataform/core": {
         "version": "3.0.0",
         "resolved": "https://registry.npmjs.org/@dataform/core/-/core-3.0.0.tgz",
         "integrity": "sha512-MORO8ADZkkPfAHH0S/jb3o/6HOYT4klw+hCgyHkNInFTnIYAN+zzgHc9++FrtXNyer0MvnZ351XTBveIVw7tcg=="
      },
      "node_modules/dataform-scd": {
         "resolved": "https://github.com/dataform-co/dataform-scd/archive/refs/tags/0.5.tar.gz",
         "integrity": "sha512-eCUwhLjhgN7Auy0Y0BZMitC+jLF+OfMgXIWYYeP2gs9UpOGRQxdnTPBz9Rmasbf7ms4esWvNxcEe3wRetvD/5w==",
         "dependencies": {
            "@dataform/core": "2.8.2"
         }
      },
      "node_modules/dataform-scd/node_modules/@dataform/core": {
         "version": "2.8.2",
         "resolved": "https://registry.npmjs.org/@dataform/core/-/core-2.8.2.tgz",
         "integrity": "sha512-VdlBEk4g8YUGgXAxEYvUzQ+bbYyf3/XLcFgwH9TntpE2K5cXdAz2DIPNRbmH0yjmaePHC9w9WDXzpLz+fJucCw=="
      }
   },
   "dependencies": {
      "@dataform/core": {
         "version": "3.0.0",
         "resolved": "https://registry.npmjs.org/@dataform/core/-/core-3.0.0.tgz",
         "integrity": "sha512-MORO8ADZkkPfAHH0S/jb3o/6HOYT4klw+hCgyHkNInFTnIYAN+zzgHc9++FrtXNyer0MvnZ351XTBveIVw7tcg=="
      },
      "dataform-scd": {
         "version": "https://github.com/dataform-co/dataform-scd/archive/refs/tags/0.5.tar.gz",
         "integrity": "sha512-eCUwhLjhgN7Auy0Y0BZMitC+jLF+OfMgXIWYYeP2gs9UpOGRQxdnTPBz9Rmasbf7ms4esWvNxcEe3wRetvD/5w==",
         "requires": {
            "@dataform/core": "2.8.2"
         },
         "dependencies": {
            "@dataform/core": {
               "version": "2.8.2",
               "resolved": "https://registry.npmjs.org/@dataform/core/-/core-2.8.2.tgz",
               "integrity": "sha512-VdlBEk4g8YUGgXAxEYvUzQ+bbYyf3/XLcFgwH9TntpE2K5cXdAz2DIPNRbmH0yjmaePHC9w9WDXzpLz+fJucCw=="
            }
         }
      }
   }
}
